
Microsoft Visual Studio Solution File, Format Version 12.00
# Visual Studio 15
Project("{FAE04EC0-301F-11D3-BF4B-00C04F79EFBC}") = "Assembly-CSharp", "Assembly-CSharp.csproj", "{190E86B0-EBDE-4E2F-AB7D-B45128AA03A7}"
EndProject
Project("{FAE04EC0-301F-11D3-BF4B-00C04F79EFBC}") = "Assembly-CSharp-Editor", "Assembly-CSharp-Editor.csproj", "{CA9AD93C-7036-AF7D-9D8B-984601B9EA2B}"
EndProject
Global
	GlobalSection(SolutionConfigurationPlatforms) = preSolution
		Debug|Any CPU = Debug|Any CPU
		Release|Any CPU = Release|Any CPU
	EndGlobalSection
	GlobalSection(ProjectConfigurationPlatforms) = postSolution
		{190E86B0-EBDE-4E2F-AB7D-B45128AA03A7}.Debug|Any CPU.ActiveCfg = Debug|Any CPU
		{190E86B0-EBDE-4E2F-AB7D-B45128AA03A7}.Debug|Any CPU.Build.0 = Debug|Any CPU
		{190E86B0-EBDE-4E2F-AB7D-B45128AA03A7}.Release|Any CPU.ActiveCfg = Release|Any CPU
		{190E86B0-EBDE-4E2F-AB7D-B45128AA03A7}.Release|Any CPU.Build.0 = Release|Any CPU
		{CA9AD93C-7036-AF7D-9D8B-984601B9EA2B}.Debug|Any CPU.ActiveCfg = Debug|Any CPU
		{CA9AD93C-7036-AF7D-9D8B-984601B9EA2B}.Debug|Any CPU.Build.0 = Debug|Any CPU
		{CA9AD93C-7036-AF7D-9D8B-984601B9EA2B}.Release|Any CPU.ActiveCfg = Release|Any CPU
		{CA9AD93C-7036-AF7D-9D8B-984601B9EA2B}.Release|Any CPU.Build.0 = Release|Any CPU
	EndGlobalSection
	GlobalSection(SolutionProperties) = preSolution
		HideSolutionNode = FALSE
	EndGlobalSection
EndGlobal
